schema: '2.0'
stages:
  data_ingestion:
    cmd: python src/data_ingestion.py
    deps:
    - path: src/data_ingestion.py
      hash: md5
      md5: 702e482910078e2bed29bf944d0d745f
      size: 4027
    params:
      params.yaml:
        data_ingestion.test_size: 0.2
    outs:
    - path: data/raw
      hash: md5
      md5: bdd0f5712fcb23a7f2101028c8c68e9c.dir
      size: 484846
      nfiles: 2
  data_preprocessing:
    cmd: python src/data_preprocessing.py
    deps:
    - path: data/raw
      hash: md5
      md5: bdd0f5712fcb23a7f2101028c8c68e9c.dir
      size: 484846
      nfiles: 2
    - path: src/data_preprocessing.py
      hash: md5
      md5: 1bfcafcbe004e6825bccaa7f844a0fbb
      size: 4617
    outs:
    - path: data/interim
      hash: md5
      md5: 8678656f1018447d435c4649923103e7.dir
      size: 259819
      nfiles: 2
  feature_engineering:
    cmd: python src/feature_engineering.py
    deps:
    - path: data/interim
      hash: md5
      md5: 8678656f1018447d435c4649923103e7.dir
      size: 259819
      nfiles: 2
    - path: src/feature_engineering.py
      hash: md5
      md5: 679ab2b2d6d4fbec2502a757f3672f9f
      size: 4052
    params:
      params.yaml:
        feature_engineering.max_features: 35
    outs:
    - path: data/processed
      hash: md5
      md5: bd4252582b0f132c08d4d77cd5f1fb45.dir
      size: 834952
      nfiles: 2
  model_building:
    cmd: python src/model_building.py
    deps:
    - path: data/processed
      hash: md5
      md5: bd4252582b0f132c08d4d77cd5f1fb45.dir
      size: 834952
      nfiles: 2
    - path: src/model_building.py
      hash: md5
      md5: f6b494aea6ef6d0056b4054acf137c84
      size: 4240
    params:
      params.yaml:
        model_building.n_estimators: 22
        model_building.random_state: 2
    outs:
    - path: models/model.pkl
      hash: md5
      md5: b5daed9dc90a17d0df897e205fd17363
      size: 747196
  model_evaluation:
    cmd: python src/model_evaluation.py
    deps:
    - path: models/model.pkl
      hash: md5
      md5: b5daed9dc90a17d0df897e205fd17363
      size: 747196
    - path: src/model_evaluation.py
      hash: md5
      md5: da8de9c735916191a3d182711ce0824b
      size: 4590
    outs:
    - path: reports/metrics.json
      hash: md5
      md5: 9ee72b9e99c18f38c612561d67221013
      size: 122
