schema: '2.0'
stages:
  data_ingestion:
    cmd: python src/data_ingestion.py
    deps:
    - path: src/data_ingestion.py
      hash: md5
      md5: 702e482910078e2bed29bf944d0d745f
      size: 4027
    params:
      params.yaml:
        data_ingestion.test_size: 0.3
    outs:
    - path: data/raw
      hash: md5
      md5: 9ff00f1416b7fe9ad3151cf6412d7a18.dir
      size: 484846
      nfiles: 2
  data_preprocessing:
    cmd: python src/data_preprocessing.py
    deps:
    - path: data/raw
      hash: md5
      md5: 9ff00f1416b7fe9ad3151cf6412d7a18.dir
      size: 484846
      nfiles: 2
    - path: src/data_preprocessing.py
      hash: md5
      md5: 1bfcafcbe004e6825bccaa7f844a0fbb
      size: 4617
    outs:
    - path: data/interim
      hash: md5
      md5: 962909102c55803c02c94660467eeef0.dir
      size: 262220
      nfiles: 2
  feature_engineering:
    cmd: python src/feature_engineering.py
    deps:
    - path: data/interim
      hash: md5
      md5: 962909102c55803c02c94660467eeef0.dir
      size: 262220
      nfiles: 2
    - path: src/feature_engineering.py
      hash: md5
      md5: 679ab2b2d6d4fbec2502a757f3672f9f
      size: 4052
    params:
      params.yaml:
        feature_engineering.max_features: 45
    outs:
    - path: data/processed
      hash: md5
      md5: 1189da481d277be545d4c885fa1b653c.dir
      size: 1072715
      nfiles: 2
  model_building:
    cmd: python src/model_building.py
    deps:
    - path: data/processed
      hash: md5
      md5: 1189da481d277be545d4c885fa1b653c.dir
      size: 1072715
      nfiles: 2
    - path: src/model_building.py
      hash: md5
      md5: f6b494aea6ef6d0056b4054acf137c84
      size: 4240
    params:
      params.yaml:
        model_building.n_estimators: 30
        model_building.random_state: 2
    outs:
    - path: models/model.pkl
      hash: md5
      md5: e942e7bddb829cbb29ccfe8f5f7b4ace
      size: 1074977
  model_evaluation:
    cmd: python src/model_evaluation.py
    deps:
    - path: models/model.pkl
      hash: md5
      md5: e942e7bddb829cbb29ccfe8f5f7b4ace
      size: 1074977
    - path: src/model_evaluation.py
      hash: md5
      md5: e7eebf316174ee00132ea2d5ddac27be
      size: 4964
    outs:
    - path: reports/metrics.json
      hash: md5
      md5: f480170acc7f2dcfced4ca9ea9b4d65f
      size: 121
